
Microsoft Visual Studio Solution File, Format Version 12.00
# Visual Studio Version 17
VisualStudioVersion = 17.2.32526.322
MinimumVisualStudioVersion = 10.0.40219.1
Project("{9A19103F-16F7-4668-BE54-9A1E7A4F7556}") = "Frank.Templates.MonoGame", "Frank.Templates.MonoGame\Frank.Templates.MonoGame.csproj", "{E32AC201-3ADC-4D6E-B5DC-252AD8AD4FBF}"
EndProject
Project("{FAE04EC0-301F-11D3-BF4B-00C04F79EFBC}") = "Frank.Templates.MonoGame.Tests", "Frank.Templates.MonoGame.Tests\Frank.Templates.MonoGame.Tests.csproj", "{63D10E3F-F984-4587-A1B8-FC83FB293C1D}"
EndProject
Project("{2150E333-8FDC-42A3-9474-1A3956D46DE8}") = "Files", "Files", "{E3F6CCCF-C205-492A-9EFF-A4739472017A}"
	ProjectSection(SolutionItems) = preProject
		.editorconfig = .editorconfig
		.gitattributes = .gitattributes
		.gitignore = .gitignore
		build.ps1 = build.ps1
		Directory.Build.props = Directory.Build.props
		install.ps1 = install.ps1
		nuget.config = nuget.config
		push.ps1 = push.ps1
		README.md = README.md
		test.ps1 = test.ps1
		uninstall.ps1 = uninstall.ps1
	EndProjectSection
EndProject
Global
	GlobalSection(SolutionConfigurationPlatforms) = preSolution
		Debug|Any CPU = Debug|Any CPU
		Release|Any CPU = Release|Any CPU
	EndGlobalSection
	GlobalSection(ProjectConfigurationPlatforms) = postSolution
		{E32AC201-3ADC-4D6E-B5DC-252AD8AD4FBF}.Debug|Any CPU.ActiveCfg = Debug|Any CPU
		{E32AC201-3ADC-4D6E-B5DC-252AD8AD4FBF}.Debug|Any CPU.Build.0 = Debug|Any CPU
		{E32AC201-3ADC-4D6E-B5DC-252AD8AD4FBF}.Release|Any CPU.ActiveCfg = Release|Any CPU
		{E32AC201-3ADC-4D6E-B5DC-252AD8AD4FBF}.Release|Any CPU.Build.0 = Release|Any CPU
		{63D10E3F-F984-4587-A1B8-FC83FB293C1D}.Debug|Any CPU.ActiveCfg = Debug|Any CPU
		{63D10E3F-F984-4587-A1B8-FC83FB293C1D}.Debug|Any CPU.Build.0 = Debug|Any CPU
		{63D10E3F-F984-4587-A1B8-FC83FB293C1D}.Release|Any CPU.ActiveCfg = Release|Any CPU
		{63D10E3F-F984-4587-A1B8-FC83FB293C1D}.Release|Any CPU.Build.0 = Release|Any CPU
	EndGlobalSection
	GlobalSection(SolutionProperties) = preSolution
		HideSolutionNode = FALSE
	EndGlobalSection
	GlobalSection(ExtensibilityGlobals) = postSolution
		SolutionGuid = {E1984FB9-EDB7-4093-B4DD-CA289CF34A69}
	EndGlobalSection
EndGlobal
