
Microsoft Visual Studio Solution File, Format Version 12.00
# Visual Studio Version 17
VisualStudioVersion = 17.1.32414.318
MinimumVisualStudioVersion = 10.0.40219.1
Project("{9A19103F-16F7-4668-BE54-9A1E7A4F7556}") = "Frank.Templates.Microservice", "Frank.Templates.Microservice\Frank.Templates.Microservice.csproj", "{89EEE06C-FBF5-45DD-B386-2A4FEFDEA8FA}"
EndProject
Project("{9A19103F-16F7-4668-BE54-9A1E7A4F7556}") = "Frank.Templates.Microservice.Api", "Frank.Templates.Microservice.Api\Frank.Templates.Microservice.Api.csproj", "{F7EAA20E-3831-4CEE-A765-D9E192C92E08}"
EndProject
Project("{9A19103F-16F7-4668-BE54-9A1E7A4F7556}") = "Frank.Templates.Microservice.Client", "Frank.Templates.Microservice.Client\Frank.Templates.Microservice.Client.csproj", "{CB930182-A05E-4F97-ACF7-CFC1C14E3E04}"
EndProject
Project("{9A19103F-16F7-4668-BE54-9A1E7A4F7556}") = "Frank.Templates.Microservice.Client.Models", "Frank.Templates.Microservice.Client.Models\Frank.Templates.Microservice.Client.Models.csproj", "{93898F7D-B8A0-4CBA-B09B-62F8CA474A90}"
EndProject
Project("{9A19103F-16F7-4668-BE54-9A1E7A4F7556}") = "Frank.Templates.Microservice.Tests", "Frank.Templates.Microservice.Tests\Frank.Templates.Microservice.Tests.csproj", "{821F71ED-A3B1-4A1B-A9C7-533371C994A8}"
EndProject
Project("{2150E333-8FDC-42A3-9474-1A3956D46DE8}") = "Solution Items", "Solution Items", "{47E0B774-6EA8-43CE-81E6-10D7B0F69831}"
	ProjectSection(SolutionItems) = preProject
		nuget.config = nuget.config
		readme.md = readme.md
		.editorconfig = .editorconfig
		.gitattributes = .gitattributes
		.gitignore = .gitignore
		build.ps1 = build.ps1
		Directory.Build.props = Directory.Build.props
		install.ps1 = install.ps1
		push.ps1 = push.ps1
		test.ps1 = test.ps1
		uninstall.ps1 = uninstall.ps1
	EndProjectSection
EndProject
Global
	GlobalSection(SolutionConfigurationPlatforms) = preSolution
		Debug|Any CPU = Debug|Any CPU
		Release|Any CPU = Release|Any CPU
	EndGlobalSection
	GlobalSection(ProjectConfigurationPlatforms) = postSolution
		{89EEE06C-FBF5-45DD-B386-2A4FEFDEA8FA}.Debug|Any CPU.ActiveCfg = Debug|Any CPU
		{89EEE06C-FBF5-45DD-B386-2A4FEFDEA8FA}.Debug|Any CPU.Build.0 = Debug|Any CPU
		{89EEE06C-FBF5-45DD-B386-2A4FEFDEA8FA}.Release|Any CPU.ActiveCfg = Release|Any CPU
		{89EEE06C-FBF5-45DD-B386-2A4FEFDEA8FA}.Release|Any CPU.Build.0 = Release|Any CPU
		{F7EAA20E-3831-4CEE-A765-D9E192C92E08}.Debug|Any CPU.ActiveCfg = Debug|Any CPU
		{F7EAA20E-3831-4CEE-A765-D9E192C92E08}.Debug|Any CPU.Build.0 = Debug|Any CPU
		{F7EAA20E-3831-4CEE-A765-D9E192C92E08}.Release|Any CPU.ActiveCfg = Release|Any CPU
		{F7EAA20E-3831-4CEE-A765-D9E192C92E08}.Release|Any CPU.Build.0 = Release|Any CPU
		{CB930182-A05E-4F97-ACF7-CFC1C14E3E04}.Debug|Any CPU.ActiveCfg = Debug|Any CPU
		{CB930182-A05E-4F97-ACF7-CFC1C14E3E04}.Debug|Any CPU.Build.0 = Debug|Any CPU
		{CB930182-A05E-4F97-ACF7-CFC1C14E3E04}.Release|Any CPU.ActiveCfg = Release|Any CPU
		{CB930182-A05E-4F97-ACF7-CFC1C14E3E04}.Release|Any CPU.Build.0 = Release|Any CPU
		{93898F7D-B8A0-4CBA-B09B-62F8CA474A90}.Debug|Any CPU.ActiveCfg = Debug|Any CPU
		{93898F7D-B8A0-4CBA-B09B-62F8CA474A90}.Debug|Any CPU.Build.0 = Debug|Any CPU
		{93898F7D-B8A0-4CBA-B09B-62F8CA474A90}.Release|Any CPU.ActiveCfg = Release|Any CPU
		{93898F7D-B8A0-4CBA-B09B-62F8CA474A90}.Release|Any CPU.Build.0 = Release|Any CPU
		{821F71ED-A3B1-4A1B-A9C7-533371C994A8}.Debug|Any CPU.ActiveCfg = Debug|Any CPU
		{821F71ED-A3B1-4A1B-A9C7-533371C994A8}.Debug|Any CPU.Build.0 = Debug|Any CPU
		{821F71ED-A3B1-4A1B-A9C7-533371C994A8}.Release|Any CPU.ActiveCfg = Release|Any CPU
		{821F71ED-A3B1-4A1B-A9C7-533371C994A8}.Release|Any CPU.Build.0 = Release|Any CPU
	EndGlobalSection
	GlobalSection(SolutionProperties) = preSolution
		HideSolutionNode = FALSE
	EndGlobalSection
	GlobalSection(ExtensibilityGlobals) = postSolution
		SolutionGuid = {E45DA45F-0FBA-4E04-BF84-4A5F8C862B6F}
	EndGlobalSection
EndGlobal
